
Microsoft Visual Studio Solution File, Format Version 12.00
# Visual Studio Version 17
VisualStudioVersion = 17.4.33205.214
MinimumVisualStudioVersion = 10.0.40219.1
Project("{9A19103F-16F7-4668-BE54-9A1E7A4F7556}") = "ATAFurniture.Server", "ATAFurniture.Server\ATAFurniture.Server.csproj", "{F17FA230-5244-418B-BBFA-F2F62799B0DA}"
EndProject
Project("{FAE04EC0-301F-11D3-BF4B-00C04F79EFBC}") = "ATAFurniture.Server.Tests", "ATAFurniture.Server.Tests\ATAFurniture.Server.Tests.csproj", "{263F1728-F003-48F8-BB92-CE3C9F42A62E}"
EndProject
Project("{FAE04EC0-301F-11D3-BF4B-00C04F79EFBC}") = "Kroiko.Domain", "Kroiko.Domain\Kroiko.Domain.csproj", "{FA6960AB-D721-4A09-9A4A-133820F2E850}"
EndProject
Project("{FAE04EC0-301F-11D3-BF4B-00C04F79EFBC}") = "Kroiko.Client.Blazor", "Kroiko.Client.Blazor\Kroiko.Client.Blazor.csproj", "{AAFC055B-228C-499B-989B-2144F17F23C0}"
EndProject
Project("{FAE04EC0-301F-11D3-BF4B-00C04F79EFBC}") = "Kroiko.Testing", "Kroiko.Testing\Kroiko.Testing.csproj", "{A1ABB477-6367-4053-B30F-0E8F64409199}"
EndProject
Global
	GlobalSection(SolutionConfigurationPlatforms) = preSolution
		Debug|Any CPU = Debug|Any CPU
		Debug|x86 = Debug|x86
		Release|Any CPU = Release|Any CPU
		Release|x86 = Release|x86
	EndGlobalSection
	GlobalSection(ProjectConfigurationPlatforms) = postSolution
		{F17FA230-5244-418B-BBFA-F2F62799B0DA}.Debug|Any CPU.ActiveCfg = Debug|Any CPU
		{F17FA230-5244-418B-BBFA-F2F62799B0DA}.Debug|Any CPU.Build.0 = Debug|Any CPU
		{F17FA230-5244-418B-BBFA-F2F62799B0DA}.Debug|x86.ActiveCfg = Debug|Any CPU
		{F17FA230-5244-418B-BBFA-F2F62799B0DA}.Debug|x86.Build.0 = Debug|Any CPU
		{F17FA230-5244-418B-BBFA-F2F62799B0DA}.Release|Any CPU.ActiveCfg = Release|Any CPU
		{F17FA230-5244-418B-BBFA-F2F62799B0DA}.Release|Any CPU.Build.0 = Release|Any CPU
		{F17FA230-5244-418B-BBFA-F2F62799B0DA}.Release|x86.ActiveCfg = Release|Any CPU
		{F17FA230-5244-418B-BBFA-F2F62799B0DA}.Release|x86.Build.0 = Release|Any CPU
		{263F1728-F003-48F8-BB92-CE3C9F42A62E}.Debug|Any CPU.ActiveCfg = Debug|Any CPU
		{263F1728-F003-48F8-BB92-CE3C9F42A62E}.Debug|Any CPU.Build.0 = Debug|Any CPU
		{263F1728-F003-48F8-BB92-CE3C9F42A62E}.Debug|x86.ActiveCfg = Debug|Any CPU
		{263F1728-F003-48F8-BB92-CE3C9F42A62E}.Debug|x86.Build.0 = Debug|Any CPU
		{263F1728-F003-48F8-BB92-CE3C9F42A62E}.Release|Any CPU.ActiveCfg = Release|Any CPU
		{263F1728-F003-48F8-BB92-CE3C9F42A62E}.Release|Any CPU.Build.0 = Release|Any CPU
		{263F1728-F003-48F8-BB92-CE3C9F42A62E}.Release|x86.ActiveCfg = Release|Any CPU
		{263F1728-F003-48F8-BB92-CE3C9F42A62E}.Release|x86.Build.0 = Release|Any CPU
		{FA6960AB-D721-4A09-9A4A-133820F2E850}.Debug|Any CPU.ActiveCfg = Debug|Any CPU
		{FA6960AB-D721-4A09-9A4A-133820F2E850}.Debug|Any CPU.Build.0 = Debug|Any CPU
		{FA6960AB-D721-4A09-9A4A-133820F2E850}.Debug|x86.ActiveCfg = Debug|Any CPU
		{FA6960AB-D721-4A09-9A4A-133820F2E850}.Debug|x86.Build.0 = Debug|Any CPU
		{FA6960AB-D721-4A09-9A4A-133820F2E850}.Release|Any CPU.ActiveCfg = Release|Any CPU
		{FA6960AB-D721-4A09-9A4A-133820F2E850}.Release|Any CPU.Build.0 = Release|Any CPU
		{FA6960AB-D721-4A09-9A4A-133820F2E850}.Release|x86.ActiveCfg = Release|Any CPU
		{FA6960AB-D721-4A09-9A4A-133820F2E850}.Release|x86.Build.0 = Release|Any CPU
		{AAFC055B-228C-499B-989B-2144F17F23C0}.Debug|Any CPU.ActiveCfg = Debug|Any CPU
		{AAFC055B-228C-499B-989B-2144F17F23C0}.Debug|Any CPU.Build.0 = Debug|Any CPU
		{AAFC055B-228C-499B-989B-2144F17F23C0}.Debug|x86.ActiveCfg = Debug|Any CPU
		{AAFC055B-228C-499B-989B-2144F17F23C0}.Debug|x86.Build.0 = Debug|Any CPU
		{AAFC055B-228C-499B-989B-2144F17F23C0}.Release|Any CPU.ActiveCfg = Release|Any CPU
		{AAFC055B-228C-499B-989B-2144F17F23C0}.Release|Any CPU.Build.0 = Release|Any CPU
		{AAFC055B-228C-499B-989B-2144F17F23C0}.Release|x86.ActiveCfg = Release|Any CPU
		{AAFC055B-228C-499B-989B-2144F17F23C0}.Release|x86.Build.0 = Release|Any CPU
		{A1ABB477-6367-4053-B30F-0E8F64409199}.Debug|Any CPU.ActiveCfg = Debug|Any CPU
		{A1ABB477-6367-4053-B30F-0E8F64409199}.Debug|Any CPU.Build.0 = Debug|Any CPU
		{A1ABB477-6367-4053-B30F-0E8F64409199}.Debug|x86.ActiveCfg = Debug|Any CPU
		{A1ABB477-6367-4053-B30F-0E8F64409199}.Debug|x86.Build.0 = Debug|Any CPU
		{A1ABB477-6367-4053-B30F-0E8F64409199}.Release|Any CPU.ActiveCfg = Release|Any CPU
		{A1ABB477-6367-4053-B30F-0E8F64409199}.Release|Any CPU.Build.0 = Release|Any CPU
		{A1ABB477-6367-4053-B30F-0E8F64409199}.Release|x86.ActiveCfg = Release|Any CPU
		{A1ABB477-6367-4053-B30F-0E8F64409199}.Release|x86.Build.0 = Release|Any CPU
	EndGlobalSection
	GlobalSection(SolutionProperties) = preSolution
		HideSolutionNode = FALSE
	EndGlobalSection
	GlobalSection(ExtensibilityGlobals) = postSolution
		SolutionGuid = {492A473A-8C1C-43A2-B7E3-3FB1AB603BA3}
	EndGlobalSection
EndGlobal
